PODS:
  - XCTest-Gherkin (0.10.3):
    - XCTest-Gherkin/Core (= 0.10.3)
  - XCTest-Gherkin/Core (0.10.3)
  - XCTest-Gherkin/Native (0.10.3):
    - XCTest-Gherkin/Core

DEPENDENCIES:
  - XCTest-Gherkin
  - XCTest-Gherkin/Native

SPEC CHECKSUMS:
  XCTest-Gherkin: d5c43c800f3fca5b05226a4dba973390a3788598

PODFILE CHECKSUM: aedb31bed588b608464f35e1a67fd5f253203483

COCOAPODS: 1.3.0
