// !$*UTF8*$!
{
	archiveVersion = 1;
	classes = {
	};
	objectVersion = 46;
	objects = {

/* Begin PBXBuildFile section */
		1C0ECB8D1D8D6C8700C75AB5 /* .gitkeep in Resources */ = {isa = PBXBuildFile; fileRef = 1C0ECB7E1D8D6C8700C75AB5 /* .gitkeep */; };
		1C0ECB8E1D8D6C8700C75AB5 /* ClassHelperMethods.swift in Sources */ = {isa = PBXBuildFile; fileRef = 1C0ECB7F1D8D6C8700C75AB5 /* ClassHelperMethods.swift */; };
		1C0ECB8F1D8D6C8700C75AB5 /* ColorLog.swift in Sources */ = {isa = PBXBuildFile; fileRef = 1C0ECB801D8D6C8700C75AB5 /* ColorLog.swift */; };
		1C0ECB901D8D6C8700C75AB5 /* Example.swift in Sources */ = {isa = PBXBuildFile; fileRef = 1C0ECB811D8D6C8700C75AB5 /* Example.swift */; };
		1C0ECB911D8D6C8700C75AB5 /* Step.swift in Sources */ = {isa = PBXBuildFile; fileRef = 1C0ECB821D8D6C8700C75AB5 /* Step.swift */; };
		1C0ECB921D8D6C8700C75AB5 /* StepDefiner.swift in Sources */ = {isa = PBXBuildFile; fileRef = 1C0ECB831D8D6C8700C75AB5 /* StepDefiner.swift */; };
		1C0ECB931D8D6C8700C75AB5 /* StringGherkinExtension.swift in Sources */ = {isa = PBXBuildFile; fileRef = 1C0ECB841D8D6C8700C75AB5 /* StringGherkinExtension.swift */; };
		1C0ECB941D8D6C8700C75AB5 /* XCTestCase+Gherkin.swift in Sources */ = {isa = PBXBuildFile; fileRef = 1C0ECB851D8D6C8700C75AB5 /* XCTestCase+Gherkin.swift */; };
		1C0ECB951D8D6C8700C75AB5 /* NativeExample.swift in Sources */ = {isa = PBXBuildFile; fileRef = 1C0ECB871D8D6C8700C75AB5 /* NativeExample.swift */; };
		1C0ECB961D8D6C8700C75AB5 /* NativeFeature.swift in Sources */ = {isa = PBXBuildFile; fileRef = 1C0ECB881D8D6C8700C75AB5 /* NativeFeature.swift */; };
		1C0ECB971D8D6C8700C75AB5 /* NativeFeatureParser.swift in Sources */ = {isa = PBXBuildFile; fileRef = 1C0ECB891D8D6C8700C75AB5 /* NativeFeatureParser.swift */; };
		1C0ECB981D8D6C8700C75AB5 /* NativeScenario.swift in Sources */ = {isa = PBXBuildFile; fileRef = 1C0ECB8A1D8D6C8700C75AB5 /* NativeScenario.swift */; };
		1C0ECB991D8D6C8700C75AB5 /* NativeTestCase.swift in Sources */ = {isa = PBXBuildFile; fileRef = 1C0ECB8B1D8D6C8700C75AB5 /* NativeTestCase.swift */; };
		1C0ECB9A1D8D6C8700C75AB5 /* ParseState.swift in Sources */ = {isa = PBXBuildFile; fileRef = 1C0ECB8C1D8D6C8700C75AB5 /* ParseState.swift */; };
		1C0ECB9C1D8D6CCB00C75AB5 /* features in Resources */ = {isa = PBXBuildFile; fileRef = 1C0ECB9B1D8D6CCB00C75AB5 /* features */; };
		1C0ECB9E1D8D6D8E00C75AB5 /* StepsGlueCode.swift in Sources */ = {isa = PBXBuildFile; fileRef = 1C0ECB9D1D8D6D8E00C75AB5 /* StepsGlueCode.swift */; };
		1C3CE3AD1DA58CFA00EF95BA /* UITestsWithoutGherkin.swift in Sources */ = {isa = PBXBuildFile; fileRef = 1C3CE3AC1DA58CFA00EF95BA /* UITestsWithoutGherkin.swift */; };
		1C7704731D511569005A6459 /* AppDelegate.swift in Sources */ = {isa = PBXBuildFile; fileRef = 1C7704721D511569005A6459 /* AppDelegate.swift */; };
		1C77047A1D511569005A6459 /* Assets.xcassets in Resources */ = {isa = PBXBuildFile; fileRef = 1C7704791D511569005A6459 /* Assets.xcassets */; };
		1C77047D1D511569005A6459 /* LaunchScreen.storyboard in Resources */ = {isa = PBXBuildFile; fileRef = 1C77047B1D511569005A6459 /* LaunchScreen.storyboard */; };
		1C7704881D511569005A6459 /* EspressoBankTests.swift in Sources */ = {isa = PBXBuildFile; fileRef = 1C7704871D511569005A6459 /* EspressoBankTests.swift */; };
		1C7704931D511569005A6459 /* UITestsWithGherkin.swift in Sources */ = {isa = PBXBuildFile; fileRef = 1C7704921D511569005A6459 /* UITestsWithGherkin.swift */; };
		1C7C7D861D69F20C00E1A7E6 /* SendPaymentViewController.swift in Sources */ = {isa = PBXBuildFile; fileRef = 1C7C7D851D69F20C00E1A7E6 /* SendPaymentViewController.swift */; };
		1C7C7D881D69F43900E1A7E6 /* ConfirmationViewController.swift in Sources */ = {isa = PBXBuildFile; fileRef = 1C7C7D871D69F43900E1A7E6 /* ConfirmationViewController.swift */; };
		1CB7023C1D78AB2F00E821A9 /* PaymentHistory.swift in Sources */ = {isa = PBXBuildFile; fileRef = 1CB7023B1D78AB2F00E821A9 /* PaymentHistory.swift */; };
		1CB702401D79FDDF00E821A9 /* TransactionViewController.swift in Sources */ = {isa = PBXBuildFile; fileRef = 1CB7023F1D79FDDF00E821A9 /* TransactionViewController.swift */; };
		1CECD97B1D51175000CD2773 /* iphone.storyboard in Resources */ = {isa = PBXBuildFile; fileRef = 1CECD97A1D51175000CD2773 /* iphone.storyboard */; };
		1CECD97D1D511F2C00CD2773 /* TransactionsTableViewController.swift in Sources */ = {isa = PBXBuildFile; fileRef = 1CECD97C1D511F2C00CD2773 /* TransactionsTableViewController.swift */; };
		1CECD97F1D51219300CD2773 /* TransactionCell.xib in Resources */ = {isa = PBXBuildFile; fileRef = 1CECD97E1D51219300CD2773 /* TransactionCell.xib */; };
		1CECD9811D5127E700CD2773 /* TransactionCell.swift in Sources */ = {isa = PBXBuildFile; fileRef = 1CECD9801D5127E700CD2773 /* TransactionCell.swift */; };
		1CEE53701D9EEF10007CCABE /* PaymentFlowViewController.swift in Sources */ = {isa = PBXBuildFile; fileRef = 1CEE536F1D9EEF10007CCABE /* PaymentFlowViewController.swift */; };
		1CEE53721D9FF18D007CCABE /* PaymentFlowOrchestrator.swift in Sources */ = {isa = PBXBuildFile; fileRef = 1CEE53711D9FF18D007CCABE /* PaymentFlowOrchestrator.swift */; };
		1CEE53791DA110C5007CCABE /* PaymentFlowButton.swift in Sources */ = {isa = PBXBuildFile; fileRef = 1CEE53781DA110C5007CCABE /* PaymentFlowButton.swift */; };
/* End PBXBuildFile section */

/* Begin PBXContainerItemProxy section */
		1C7704841D511569005A6459 /* PBXContainerItemProxy */ = {
			isa = PBXContainerItemProxy;
			containerPortal = 1C7704671D511569005A6459 /* Project object */;
			proxyType = 1;
			remoteGlobalIDString = 1C77046E1D511569005A6459;
			remoteInfo = EspressoBank;
		};
		1C77048F1D511569005A6459 /* PBXContainerItemProxy */ = {
			isa = PBXContainerItemProxy;
			containerPortal = 1C7704671D511569005A6459 /* Project object */;
			proxyType = 1;
			remoteGlobalIDString = 1C77046E1D511569005A6459;
			remoteInfo = EspressoBank;
		};
/* End PBXContainerItemProxy section */

/* Begin PBXFileReference section */
		1C0ECB7E1D8D6C8700C75AB5 /* .gitkeep */ = {isa = PBXFileReference; fileEncoding = 4; lastKnownFileType = text; path = .gitkeep; sourceTree = "<group>"; };
		1C0ECB7F1D8D6C8700C75AB5 /* ClassHelperMethods.swift */ = {isa = PBXFileReference; fileEncoding = 4; lastKnownFileType = sourcecode.swift; path = ClassHelperMethods.swift; sourceTree = "<group>"; };
		1C0ECB801D8D6C8700C75AB5 /* ColorLog.swift */ = {isa = PBXFileReference; fileEncoding = 4; lastKnownFileType = sourcecode.swift; path = ColorLog.swift; sourceTree = "<group>"; };
		1C0ECB811D8D6C8700C75AB5 /* Example.swift */ = {isa = PBXFileReference; fileEncoding = 4; lastKnownFileType = sourcecode.swift; path = Example.swift; sourceTree = "<group>"; };
		1C0ECB821D8D6C8700C75AB5 /* Step.swift */ = {isa = PBXFileReference; fileEncoding = 4; lastKnownFileType = sourcecode.swift; path = Step.swift; sourceTree = "<group>"; };
		1C0ECB831D8D6C8700C75AB5 /* StepDefiner.swift */ = {isa = PBXFileReference; fileEncoding = 4; lastKnownFileType = sourcecode.swift; path = StepDefiner.swift; sourceTree = "<group>"; };
		1C0ECB841D8D6C8700C75AB5 /* StringGherkinExtension.swift */ = {isa = PBXFileReference; fileEncoding = 4; lastKnownFileType = sourcecode.swift; path = StringGherkinExtension.swift; sourceTree = "<group>"; };
		1C0ECB851D8D6C8700C75AB5 /* XCTestCase+Gherkin.swift */ = {isa = PBXFileReference; fileEncoding = 4; lastKnownFileType = sourcecode.swift; path = "XCTestCase+Gherkin.swift"; sourceTree = "<group>"; };
		1C0ECB871D8D6C8700C75AB5 /* NativeExample.swift */ = {isa = PBXFileReference; fileEncoding = 4; lastKnownFileType = sourcecode.swift; path = NativeExample.swift; sourceTree = "<group>"; };
		1C0ECB881D8D6C8700C75AB5 /* NativeFeature.swift */ = {isa = PBXFileReference; fileEncoding = 4; lastKnownFileType = sourcecode.swift; path = NativeFeature.swift; sourceTree = "<group>"; };
		1C0ECB891D8D6C8700C75AB5 /* NativeFeatureParser.swift */ = {isa = PBXFileReference; fileEncoding = 4; lastKnownFileType = sourcecode.swift; path = NativeFeatureParser.swift; sourceTree = "<group>"; };
		1C0ECB8A1D8D6C8700C75AB5 /* NativeScenario.swift */ = {isa = PBXFileReference; fileEncoding = 4; lastKnownFileType = sourcecode.swift; path = NativeScenario.swift; sourceTree = "<group>"; };
		1C0ECB8B1D8D6C8700C75AB5 /* NativeTestCase.swift */ = {isa = PBXFileReference; fileEncoding = 4; lastKnownFileType = sourcecode.swift; path = NativeTestCase.swift; sourceTree = "<group>"; };
		1C0ECB8C1D8D6C8700C75AB5 /* ParseState.swift */ = {isa = PBXFileReference; fileEncoding = 4; lastKnownFileType = sourcecode.swift; path = ParseState.swift; sourceTree = "<group>"; };
		1C0ECB9B1D8D6CCB00C75AB5 /* features */ = {isa = PBXFileReference; lastKnownFileType = folder; path = features; sourceTree = "<group>"; };
		1C0ECB9D1D8D6D8E00C75AB5 /* StepsGlueCode.swift */ = {isa = PBXFileReference; fileEncoding = 4; lastKnownFileType = sourcecode.swift; path = StepsGlueCode.swift; sourceTree = "<group>"; };
		1C3CE3AC1DA58CFA00EF95BA /* UITestsWithoutGherkin.swift */ = {isa = PBXFileReference; fileEncoding = 4; lastKnownFileType = sourcecode.swift; path = UITestsWithoutGherkin.swift; sourceTree = "<group>"; };
		1C77046F1D511569005A6459 /* EspressoBank.app */ = {isa = PBXFileReference; explicitFileType = wrapper.application; includeInIndex = 0; path = EspressoBank.app; sourceTree = BUILT_PRODUCTS_DIR; };
		1C7704721D511569005A6459 /* AppDelegate.swift */ = {isa = PBXFileReference; lastKnownFileType = sourcecode.swift; path = AppDelegate.swift; sourceTree = "<group>"; };
		1C7704791D511569005A6459 /* Assets.xcassets */ = {isa = PBXFileReference; lastKnownFileType = folder.assetcatalog; path = Assets.xcassets; sourceTree = "<group>"; };
		1C77047C1D511569005A6459 /* Base */ = {isa = PBXFileReference; lastKnownFileType = file.storyboard; name = Base; path = Base.lproj/LaunchScreen.storyboard; sourceTree = "<group>"; };
		1C77047E1D511569005A6459 /* Info.plist */ = {isa = PBXFileReference; lastKnownFileType = text.plist.xml; path = Info.plist; sourceTree = "<group>"; };
		1C7704831D511569005A6459 /* EspressoBankTests.xctest */ = {isa = PBXFileReference; explicitFileType = wrapper.cfbundle; includeInIndex = 0; path = EspressoBankTests.xctest; sourceTree = BUILT_PRODUCTS_DIR; };
		1C7704871D511569005A6459 /* EspressoBankTests.swift */ = {isa = PBXFileReference; lastKnownFileType = sourcecode.swift; path = EspressoBankTests.swift; sourceTree = "<group>"; };
		1C7704891D511569005A6459 /* Info.plist */ = {isa = PBXFileReference; lastKnownFileType = text.plist.xml; path = Info.plist; sourceTree = "<group>"; };
		1C77048E1D511569005A6459 /* EspressoBankUITests.xctest */ = {isa = PBXFileReference; explicitFileType = wrapper.cfbundle; includeInIndex = 0; path = EspressoBankUITests.xctest; sourceTree = BUILT_PRODUCTS_DIR; };
		1C7704921D511569005A6459 /* UITestsWithGherkin.swift */ = {isa = PBXFileReference; lastKnownFileType = sourcecode.swift; path = UITestsWithGherkin.swift; sourceTree = "<group>"; };
		1C7704941D511569005A6459 /* Info.plist */ = {isa = PBXFileReference; lastKnownFileType = text.plist.xml; path = Info.plist; sourceTree = "<group>"; };
		1C7C7D851D69F20C00E1A7E6 /* SendPaymentViewController.swift */ = {isa = PBXFileReference; fileEncoding = 4; lastKnownFileType = sourcecode.swift; path = SendPaymentViewController.swift; sourceTree = "<group>"; };
		1C7C7D871D69F43900E1A7E6 /* ConfirmationViewController.swift */ = {isa = PBXFileReference; fileEncoding = 4; lastKnownFileType = sourcecode.swift; path = ConfirmationViewController.swift; sourceTree = "<group>"; };
		1CB7023B1D78AB2F00E821A9 /* PaymentHistory.swift */ = {isa = PBXFileReference; fileEncoding = 4; lastKnownFileType = sourcecode.swift; path = PaymentHistory.swift; sourceTree = "<group>"; };
		1CB7023F1D79FDDF00E821A9 /* TransactionViewController.swift */ = {isa = PBXFileReference; fileEncoding = 4; lastKnownFileType = sourcecode.swift; path = TransactionViewController.swift; sourceTree = "<group>"; };
		1CECD97A1D51175000CD2773 /* iphone.storyboard */ = {isa = PBXFileReference; fileEncoding = 4; lastKnownFileType = file.storyboard; name = iphone.storyboard; path = ../iphone.storyboard; sourceTree = "<group>"; };
		1CECD97C1D511F2C00CD2773 /* TransactionsTableViewController.swift */ = {isa = PBXFileReference; fileEncoding = 4; lastKnownFileType = sourcecode.swift; path = TransactionsTableViewController.swift; sourceTree = "<group>"; };
		1CECD97E1D51219300CD2773 /* TransactionCell.xib */ = {isa = PBXFileReference; fileEncoding = 4; lastKnownFileType = file.xib; path = TransactionCell.xib; sourceTree = "<group>"; };
		1CECD9801D5127E700CD2773 /* TransactionCell.swift */ = {isa = PBXFileReference; fileEncoding = 4; lastKnownFileType = sourcecode.swift; name = TransactionCell.swift; path = ../TransactionCell.swift; sourceTree = "<group>"; };
		1CEE536F1D9EEF10007CCABE /* PaymentFlowViewController.swift */ = {isa = PBXFileReference; fileEncoding = 4; lastKnownFileType = sourcecode.swift; path = PaymentFlowViewController.swift; sourceTree = "<group>"; };
		1CEE53711D9FF18D007CCABE /* PaymentFlowOrchestrator.swift */ = {isa = PBXFileReference; fileEncoding = 4; lastKnownFileType = sourcecode.swift; path = PaymentFlowOrchestrator.swift; sourceTree = "<group>"; };
		1CEE53781DA110C5007CCABE /* PaymentFlowButton.swift */ = {isa = PBXFileReference; fileEncoding = 4; lastKnownFileType = sourcecode.swift; path = PaymentFlowButton.swift; sourceTree = "<group>"; };
/* End PBXFileReference section */

/* Begin PBXFrameworksBuildPhase section */
		1C77046C1D511569005A6459 /* Frameworks */ = {
			isa = PBXFrameworksBuildPhase;
			buildActionMask = 2147483647;
			files = (
			);
			runOnlyForDeploymentPostprocessing = 0;
		};
		1C7704801D511569005A6459 /* Frameworks */ = {
			isa = PBXFrameworksBuildPhase;
			buildActionMask = 2147483647;
			files = (
			);
			runOnlyForDeploymentPostprocessing = 0;
		};
		1C77048B1D511569005A6459 /* Frameworks */ = {
			isa = PBXFrameworksBuildPhase;
			buildActionMask = 2147483647;
			files = (
			);
			runOnlyForDeploymentPostprocessing = 0;
		};
/* End PBXFrameworksBuildPhase section */

/* Begin PBXGroup section */
		1C0ECB7C1D8D6C8700C75AB5 /* XCTest-Gherkin */ = {
			isa = PBXGroup;
			children = (
				1C0ECB7D1D8D6C8700C75AB5 /* Core */,
				1C0ECB861D8D6C8700C75AB5 /* Native */,
			);
			path = "XCTest-Gherkin";
			sourceTree = "<group>";
		};
		1C0ECB7D1D8D6C8700C75AB5 /* Core */ = {
			isa = PBXGroup;
			children = (
				1C0ECB7E1D8D6C8700C75AB5 /* .gitkeep */,
				1C0ECB7F1D8D6C8700C75AB5 /* ClassHelperMethods.swift */,
				1C0ECB801D8D6C8700C75AB5 /* ColorLog.swift */,
				1C0ECB811D8D6C8700C75AB5 /* Example.swift */,
				1C0ECB821D8D6C8700C75AB5 /* Step.swift */,
				1C0ECB831D8D6C8700C75AB5 /* StepDefiner.swift */,
				1C0ECB841D8D6C8700C75AB5 /* StringGherkinExtension.swift */,
				1C0ECB851D8D6C8700C75AB5 /* XCTestCase+Gherkin.swift */,
			);
			path = Core;
			sourceTree = "<group>";
		};
		1C0ECB861D8D6C8700C75AB5 /* Native */ = {
			isa = PBXGroup;
			children = (
				1C0ECB871D8D6C8700C75AB5 /* NativeExample.swift */,
				1C0ECB881D8D6C8700C75AB5 /* NativeFeature.swift */,
				1C0ECB891D8D6C8700C75AB5 /* NativeFeatureParser.swift */,
				1C0ECB8A1D8D6C8700C75AB5 /* NativeScenario.swift */,
				1C0ECB8B1D8D6C8700C75AB5 /* NativeTestCase.swift */,
				1C0ECB8C1D8D6C8700C75AB5 /* ParseState.swift */,
			);
			path = Native;
			sourceTree = "<group>";
		};
		1C7704661D511569005A6459 = {
			isa = PBXGroup;
			children = (
				1C7704711D511569005A6459 /* EspressoBank */,
				1C7704861D511569005A6459 /* EspressoBankTests */,
				1C7704911D511569005A6459 /* EspressoBankUITests */,
				1C7704701D511569005A6459 /* Products */,
			);
			sourceTree = "<group>";
		};
		1C7704701D511569005A6459 /* Products */ = {
			isa = PBXGroup;
			children = (
				1C77046F1D511569005A6459 /* EspressoBank.app */,
				1C7704831D511569005A6459 /* EspressoBankTests.xctest */,
				1C77048E1D511569005A6459 /* EspressoBankUITests.xctest */,
			);
			name = Products;
			sourceTree = "<group>";
		};
		1C7704711D511569005A6459 /* EspressoBank */ = {
			isa = PBXGroup;
			children = (
				1CEE53751DA05419007CCABE /* PaymentFlow */,
				1CECD9821D5127F400CD2773 /* Transactions */,
				1CEE53761DA0543E007CCABE /* SendPayment */,
				1CEE53771DA05448007CCABE /* ConfirmPayment */,
				1C7704791D511569005A6459 /* Assets.xcassets */,
				1CB702411D7A045500E821A9 /* App */,
			);
			path = EspressoBank;
			sourceTree = "<group>";
		};
		1C7704861D511569005A6459 /* EspressoBankTests */ = {
			isa = PBXGroup;
			children = (
				1C7704871D511569005A6459 /* EspressoBankTests.swift */,
				1C7704891D511569005A6459 /* Info.plist */,
			);
			path = EspressoBankTests;
			sourceTree = "<group>";
		};
		1C7704911D511569005A6459 /* EspressoBankUITests */ = {
			isa = PBXGroup;
			children = (
				1C7704921D511569005A6459 /* UITestsWithGherkin.swift */,
				1C0ECB9D1D8D6D8E00C75AB5 /* StepsGlueCode.swift */,
				1C0ECB9B1D8D6CCB00C75AB5 /* features */,
				1C0ECB7C1D8D6C8700C75AB5 /* XCTest-Gherkin */,
				1C7704941D511569005A6459 /* Info.plist */,
				1CF3C63A1DA8EF7900EBF213 /* UITestsWithoutGherkin */,
			);
			path = EspressoBankUITests;
			sourceTree = "<group>";
		};
		1CB702411D7A045500E821A9 /* App */ = {
			isa = PBXGroup;
			children = (
				1C7704721D511569005A6459 /* AppDelegate.swift */,
				1C77047B1D511569005A6459 /* LaunchScreen.storyboard */,
				1C77047E1D511569005A6459 /* Info.plist */,
			);
			name = App;
			sourceTree = "<group>";
		};
		1CECD9821D5127F400CD2773 /* Transactions */ = {
			isa = PBXGroup;
			children = (
				1CB7023F1D79FDDF00E821A9 /* TransactionViewController.swift */,
				1CECD97C1D511F2C00CD2773 /* TransactionsTableViewController.swift */,
				1CECD9801D5127E700CD2773 /* TransactionCell.swift */,
				1CECD97E1D51219300CD2773 /* TransactionCell.xib */,
			);
			name = Transactions;
			sourceTree = "<group>";
		};
		1CEE53751DA05419007CCABE /* PaymentFlow */ = {
			isa = PBXGroup;
			children = (
				1CECD97A1D51175000CD2773 /* iphone.storyboard */,
				1CB7023B1D78AB2F00E821A9 /* PaymentHistory.swift */,
				1CEE536F1D9EEF10007CCABE /* PaymentFlowViewController.swift */,
				1CEE53711D9FF18D007CCABE /* PaymentFlowOrchestrator.swift */,
				1CEE53781DA110C5007CCABE /* PaymentFlowButton.swift */,
			);
			name = PaymentFlow;
			sourceTree = "<group>";
		};
		1CEE53761DA0543E007CCABE /* SendPayment */ = {
			isa = PBXGroup;
			children = (
				1C7C7D851D69F20C00E1A7E6 /* SendPaymentViewController.swift */,
			);
			name = SendPayment;
			sourceTree = "<group>";
		};
		1CEE53771DA05448007CCABE /* ConfirmPayment */ = {
			isa = PBXGroup;
			children = (
				1C7C7D871D69F43900E1A7E6 /* ConfirmationViewController.swift */,
			);
			name = ConfirmPayment;
			sourceTree = "<group>";
		};
		1CF3C63A1DA8EF7900EBF213 /* UITestsWithoutGherkin */ = {
			isa = PBXGroup;
			children = (
				1C3CE3AC1DA58CFA00EF95BA /* UITestsWithoutGherkin.swift */,
			);
			name = UITestsWithoutGherkin;
			sourceTree = "<group>";
		};
/* End PBXGroup section */

/* Begin PBXNativeTarget section */
		1C77046E1D511569005A6459 /* EspressoBank */ = {
			isa = PBXNativeTarget;
			buildConfigurationList = 1C7704971D511569005A6459 /* Build configuration list for PBXNativeTarget "EspressoBank" */;
			buildPhases = (
				1C77046B1D511569005A6459 /* Sources */,
				1C77046C1D511569005A6459 /* Frameworks */,
				1C77046D1D511569005A6459 /* Resources */,
			);
			buildRules = (
			);
			dependencies = (
			);
			name = EspressoBank;
			productName = EspressoBank;
			productReference = 1C77046F1D511569005A6459 /* EspressoBank.app */;
			productType = "com.apple.product-type.application";
		};
		1C7704821D511569005A6459 /* EspressoBankTests */ = {
			isa = PBXNativeTarget;
			buildConfigurationList = 1C77049A1D511569005A6459 /* Build configuration list for PBXNativeTarget "EspressoBankTests" */;
			buildPhases = (
				1C77047F1D511569005A6459 /* Sources */,
				1C7704801D511569005A6459 /* Frameworks */,
				1C7704811D511569005A6459 /* Resources */,
			);
			buildRules = (
			);
			dependencies = (
				1C7704851D511569005A6459 /* PBXTargetDependency */,
			);
			name = EspressoBankTests;
			productName = EspressoBankTests;
			productReference = 1C7704831D511569005A6459 /* EspressoBankTests.xctest */;
			productType = "com.apple.product-type.bundle.unit-test";
		};
		1C77048D1D511569005A6459 /* EspressoBankUITests */ = {
			isa = PBXNativeTarget;
			buildConfigurationList = 1C77049D1D511569005A6459 /* Build configuration list for PBXNativeTarget "EspressoBankUITests" */;
			buildPhases = (
				1C77048A1D511569005A6459 /* Sources */,
				1C77048B1D511569005A6459 /* Frameworks */,
				1C77048C1D511569005A6459 /* Resources */,
			);
			buildRules = (
			);
			dependencies = (
				1C7704901D511569005A6459 /* PBXTargetDependency */,
			);
			name = EspressoBankUITests;
			productName = EspressoBankUITests;
			productReference = 1C77048E1D511569005A6459 /* EspressoBankUITests.xctest */;
			productType = "com.apple.product-type.bundle.ui-testing";
		};
/* End PBXNativeTarget section */

/* Begin PBXProject section */
		1C7704671D511569005A6459 /* Project object */ = {
			isa = PBXProject;
			attributes = {
				LastSwiftUpdateCheck = 0730;
				LastUpgradeCheck = 0800;
				ORGANIZATIONNAME = "Samuël Maljaars";
				TargetAttributes = {
					1C77046E1D511569005A6459 = {
						CreatedOnToolsVersion = 7.3.1;
						DevelopmentTeam = ZQ6ZH4F869;
						LastSwiftMigration = 0800;
					};
					1C7704821D511569005A6459 = {
						CreatedOnToolsVersion = 7.3.1;
						LastSwiftMigration = 0800;
						TestTargetID = 1C77046E1D511569005A6459;
					};
					1C77048D1D511569005A6459 = {
						CreatedOnToolsVersion = 7.3.1;
						DevelopmentTeam = M6E5M9S9AS;
						LastSwiftMigration = 0800;
						TestTargetID = 1C77046E1D511569005A6459;
					};
				};
			};
			buildConfigurationList = 1C77046A1D511569005A6459 /* Build configuration list for PBXProject "EspressoBank" */;
			compatibilityVersion = "Xcode 3.2";
			developmentRegion = English;
			hasScannedForEncodings = 0;
			knownRegions = (
				en,
				Base,
			);
			mainGroup = 1C7704661D511569005A6459;
			productRefGroup = 1C7704701D511569005A6459 /* Products */;
			projectDirPath = "";
			projectRoot = "";
			targets = (
				1C77046E1D511569005A6459 /* EspressoBank */,
				1C7704821D511569005A6459 /* EspressoBankTests */,
				1C77048D1D511569005A6459 /* EspressoBankUITests */,
			);
		};
/* End PBXProject section */

/* Begin PBXResourcesBuildPhase section */
		1C77046D1D511569005A6459 /* Resources */ = {
			isa = PBXResourcesBuildPhase;
			buildActionMask = 2147483647;
			files = (
				1CECD97B1D51175000CD2773 /* iphone.storyboard in Resources */,
				1C77047D1D511569005A6459 /* LaunchScreen.storyboard in Resources */,
				1CECD97F1D51219300CD2773 /* TransactionCell.xib in Resources */,
				1C77047A1D511569005A6459 /* Assets.xcassets in Resources */,
			);
			runOnlyForDeploymentPostprocessing = 0;
		};
		1C7704811D511569005A6459 /* Resources */ = {
			isa = PBXResourcesBuildPhase;
			buildActionMask = 2147483647;
			files = (
			);
			runOnlyForDeploymentPostprocessing = 0;
		};
		1C77048C1D511569005A6459 /* Resources */ = {
			isa = PBXResourcesBuildPhase;
			buildActionMask = 2147483647;
			files = (
				1C0ECB8D1D8D6C8700C75AB5 /* .gitkeep in Resources */,
				1C0ECB9C1D8D6CCB00C75AB5 /* features in Resources */,
			);
			runOnlyForDeploymentPostprocessing = 0;
		};
/* End PBXResourcesBuildPhase section */

/* Begin PBXSourcesBuildPhase section */
		1C77046B1D511569005A6459 /* Sources */ = {
			isa = PBXSourcesBuildPhase;
			buildActionMask = 2147483647;
			files = (
				1CEE53721D9FF18D007CCABE /* PaymentFlowOrchestrator.swift in Sources */,
				1C7704731D511569005A6459 /* AppDelegate.swift in Sources */,
				1CB702401D79FDDF00E821A9 /* TransactionViewController.swift in Sources */,
				1CB7023C1D78AB2F00E821A9 /* PaymentHistory.swift in Sources */,
				1C7C7D861D69F20C00E1A7E6 /* SendPaymentViewController.swift in Sources */,
				1CECD9811D5127E700CD2773 /* TransactionCell.swift in Sources */,
				1CEE53791DA110C5007CCABE /* PaymentFlowButton.swift in Sources */,
				1CECD97D1D511F2C00CD2773 /* TransactionsTableViewController.swift in Sources */,
				1C7C7D881D69F43900E1A7E6 /* ConfirmationViewController.swift in Sources */,
				1CEE53701D9EEF10007CCABE /* PaymentFlowViewController.swift in Sources */,
			);
			runOnlyForDeploymentPostprocessing = 0;
		};
		1C77047F1D511569005A6459 /* Sources */ = {
			isa = PBXSourcesBuildPhase;
			buildActionMask = 2147483647;
			files = (
				1C7704881D511569005A6459 /* EspressoBankTests.swift in Sources */,
			);
			runOnlyForDeploymentPostprocessing = 0;
		};
		1C77048A1D511569005A6459 /* Sources */ = {
			isa = PBXSourcesBuildPhase;
			buildActionMask = 2147483647;
			files = (
				1C0ECB951D8D6C8700C75AB5 /* NativeExample.swift in Sources */,
				1C0ECB901D8D6C8700C75AB5 /* Example.swift in Sources */,
				1C0ECB921D8D6C8700C75AB5 /* StepDefiner.swift in Sources */,
				1C3CE3AD1DA58CFA00EF95BA /* UITestsWithoutGherkin.swift in Sources */,
				1C0ECB9E1D8D6D8E00C75AB5 /* StepsGlueCode.swift in Sources */,
				1C0ECB961D8D6C8700C75AB5 /* NativeFeature.swift in Sources */,
				1C0ECB971D8D6C8700C75AB5 /* NativeFeatureParser.swift in Sources */,
				1C7704931D511569005A6459 /* UITestsWithGherkin.swift in Sources */,
				1C0ECB911D8D6C8700C75AB5 /* Step.swift in Sources */,
				1C0ECB8F1D8D6C8700C75AB5 /* ColorLog.swift in Sources */,
				1C0ECB941D8D6C8700C75AB5 /* XCTestCase+Gherkin.swift in Sources */,
				1C0ECB991D8D6C8700C75AB5 /* NativeTestCase.swift in Sources */,
				1C0ECB8E1D8D6C8700C75AB5 /* ClassHelperMethods.swift in Sources */,
				1C0ECB9A1D8D6C8700C75AB5 /* ParseState.swift in Sources */,
				1C0ECB981D8D6C8700C75AB5 /* NativeScenario.swift in Sources */,
				1C0ECB931D8D6C8700C75AB5 /* StringGherkinExtension.swift in Sources */,
			);
			runOnlyForDeploymentPostprocessing = 0;
		};
/* End PBXSourcesBuildPhase section */

/* Begin PBXTargetDependency section */
		1C7704851D511569005A6459 /* PBXTargetDependency */ = {
			isa = PBXTargetDependency;
			target = 1C77046E1D511569005A6459 /* EspressoBank */;
			targetProxy = 1C7704841D511569005A6459 /* PBXContainerItemProxy */;
		};
		1C7704901D511569005A6459 /* PBXTargetDependency */ = {
			isa = PBXTargetDependency;
			target = 1C77046E1D511569005A6459 /* EspressoBank */;
			targetProxy = 1C77048F1D511569005A6459 /* PBXContainerItemProxy */;
		};
/* End PBXTargetDependency section */

/* Begin PBXVariantGroup section */
		1C77047B1D511569005A6459 /* LaunchScreen.storyboard */ = {
			isa = PBXVariantGroup;
			children = (
				1C77047C1D511569005A6459 /* Base */,
			);
			name = LaunchScreen.storyboard;
			sourceTree = "<group>";
		};
/* End PBXVariantGroup section */

/* Begin XCBuildConfiguration section */
		1C7704951D511569005A6459 /* Debug */ = {
			isa = XCBuildConfiguration;
			buildSettings = {
				ALWAYS_SEARCH_USER_PATHS = NO;
				CLANG_ANALYZER_NONNULL = YES;
				CLANG_CXX_LANGUAGE_STANDARD = "gnu++0x";
				CLANG_CXX_LIBRARY = "libc++";
				CLANG_ENABLE_MODULES = YES;
				CLANG_ENABLE_OBJC_ARC = YES;
				CLANG_WARN_BOOL_CONVERSION = YES;
				CLANG_WARN_CONSTANT_CONVERSION = YES;
				CLANG_WARN_DIRECT_OBJC_ISA_USAGE = YES_ERROR;
				CLANG_WARN_EMPTY_BODY = YES;
				CLANG_WARN_ENUM_CONVERSION = YES;
				CLANG_WARN_INFINITE_RECURSION = YES;
				CLANG_WARN_INT_CONVERSION = YES;
				CLANG_WARN_OBJC_ROOT_CLASS = YES_ERROR;
				CLANG_WARN_SUSPICIOUS_MOVE = YES;
				CLANG_WARN_UNREACHABLE_CODE = YES;
				CLANG_WARN__DUPLICATE_METHOD_MATCH = YES;
				"CODE_SIGN_IDENTITY[sdk=iphoneos*]" = "iPhone Developer";
				COPY_PHASE_STRIP = NO;
				DEBUG_INFORMATION_FORMAT = dwarf;
				ENABLE_STRICT_OBJC_MSGSEND = YES;
				ENABLE_TESTABILITY = YES;
				GCC_C_LANGUAGE_STANDARD = gnu99;
				GCC_DYNAMIC_NO_PIC = NO;
				GCC_NO_COMMON_BLOCKS = YES;
				GCC_OPTIMIZATION_LEVEL = 0;
				GCC_PREPROCESSOR_DEFINITIONS = (
					"DEBUG=1",
					"$(inherited)",
				);
				GCC_WARN_64_TO_32_BIT_CONVERSION = YES;
				GCC_WARN_ABOUT_RETURN_TYPE = YES_ERROR;
				GCC_WARN_UNDECLARED_SELECTOR = YES;
				GCC_WARN_UNINITIALIZED_AUTOS = YES_AGGRESSIVE;
				GCC_WARN_UNUSED_FUNCTION = YES;
				GCC_WARN_UNUSED_VARIABLE = YES;
				IPHONEOS_DEPLOYMENT_TARGET = 9.3;
				MTL_ENABLE_DEBUG_INFO = YES;
				ONLY_ACTIVE_ARCH = YES;
				SDKROOT = iphoneos;
				SWIFT_OPTIMIZATION_LEVEL = "-Onone";
				TARGETED_DEVICE_FAMILY = "1,2";
			};
			name = Debug;
		};
		1C7704961D511569005A6459 /* Release */ = {
			isa = XCBuildConfiguration;
			buildSettings = {
				ALWAYS_SEARCH_USER_PATHS = NO;
				CLANG_ANALYZER_NONNULL = YES;
				CLANG_CXX_LANGUAGE_STANDARD = "gnu++0x";
				CLANG_CXX_LIBRARY = "libc++";
				CLANG_ENABLE_MODULES = YES;
				CLANG_ENABLE_OBJC_ARC = YES;
				CLANG_WARN_BOOL_CONVERSION = YES;
				CLANG_WARN_CONSTANT_CONVERSION = YES;
				CLANG_WARN_DIRECT_OBJC_ISA_USAGE = YES_ERROR;
				CLANG_WARN_EMPTY_BODY = YES;
				CLANG_WARN_ENUM_CONVERSION = YES;
				CLANG_WARN_INFINITE_RECURSION = YES;
				CLANG_WARN_INT_CONVERSION = YES;
				CLANG_WARN_OBJC_ROOT_CLASS = YES_ERROR;
				CLANG_WARN_SUSPICIOUS_MOVE = YES;
				CLANG_WARN_UNREACHABLE_CODE = YES;
				CLANG_WARN__DUPLICATE_METHOD_MATCH = YES;
				"CODE_SIGN_IDENTITY[sdk=iphoneos*]" = "iPhone Developer";
				COPY_PHASE_STRIP = NO;
				DEBUG_INFORMATION_FORMAT = "dwarf-with-dsym";
				ENABLE_NS_ASSERTIONS = NO;
				ENABLE_STRICT_OBJC_MSGSEND = YES;
				GCC_C_LANGUAGE_STANDARD = gnu99;
				GCC_NO_COMMON_BLOCKS = YES;
				GCC_WARN_64_TO_32_BIT_CONVERSION = YES;
				GCC_WARN_ABOUT_RETURN_TYPE = YES_ERROR;
				GCC_WARN_UNDECLARED_SELECTOR = YES;
				GCC_WARN_UNINITIALIZED_AUTOS = YES_AGGRESSIVE;
				GCC_WARN_UNUSED_FUNCTION = YES;
				GCC_WARN_UNUSED_VARIABLE = YES;
				IPHONEOS_DEPLOYMENT_TARGET = 9.3;
				MTL_ENABLE_DEBUG_INFO = NO;
				SDKROOT = iphoneos;
				SWIFT_OPTIMIZATION_LEVEL = "-Owholemodule";
				TARGETED_DEVICE_FAMILY = "1,2";
				VALIDATE_PRODUCT = YES;
			};
			name = Release;
		};
		1C7704981D511569005A6459 /* Debug */ = {
			isa = XCBuildConfiguration;
			buildSettings = {
				ASSETCATALOG_COMPILER_APPICON_NAME = AppIcon;
				CODE_SIGN_IDENTITY = "iPhone Developer";
				DEVELOPMENT_TEAM = ZQ6ZH4F869;
				INFOPLIST_FILE = EspressoBank/Info.plist;
				LD_RUNPATH_SEARCH_PATHS = "$(inherited) @executable_path/Frameworks";
				PRODUCT_BUNDLE_IDENTIFIER = Capgemini.EspressoBank;
				PRODUCT_NAME = "$(TARGET_NAME)";
				SWIFT_VERSION = 3.0;
				TARGETED_DEVICE_FAMILY = 1;
			};
			name = Debug;
		};
		1C7704991D511569005A6459 /* Release */ = {
			isa = XCBuildConfiguration;
			buildSettings = {
				ASSETCATALOG_COMPILER_APPICON_NAME = AppIcon;
				CODE_SIGN_IDENTITY = "iPhone Developer";
				DEVELOPMENT_TEAM = ZQ6ZH4F869;
				INFOPLIST_FILE = EspressoBank/Info.plist;
				LD_RUNPATH_SEARCH_PATHS = "$(inherited) @executable_path/Frameworks";
				PRODUCT_BUNDLE_IDENTIFIER = Capgemini.EspressoBank;
				PRODUCT_NAME = "$(TARGET_NAME)";
				SWIFT_VERSION = 3.0;
				TARGETED_DEVICE_FAMILY = 1;
			};
			name = Release;
		};
		1C77049B1D511569005A6459 /* Debug */ = {
			isa = XCBuildConfiguration;
			buildSettings = {
				BUNDLE_LOADER = "$(TEST_HOST)";
				INFOPLIST_FILE = EspressoBankTests/Info.plist;
				LD_RUNPATH_SEARCH_PATHS = "$(inherited) @executable_path/Frameworks @loader_path/Frameworks";
				PRODUCT_BUNDLE_IDENTIFIER = Capgemini.EspressoBankTests;
				PRODUCT_NAME = "$(TARGET_NAME)";
				SWIFT_VERSION = 3.0;
				TEST_HOST = "$(BUILT_PRODUCTS_DIR)/EspressoBank.app/EspressoBank";
			};
			name = Debug;
		};
		1C77049C1D511569005A6459 /* Release */ = {
			isa = XCBuildConfiguration;
			buildSettings = {
				BUNDLE_LOADER = "$(TEST_HOST)";
				INFOPLIST_FILE = EspressoBankTests/Info.plist;
				LD_RUNPATH_SEARCH_PATHS = "$(inherited) @executable_path/Frameworks @loader_path/Frameworks";
				PRODUCT_BUNDLE_IDENTIFIER = Capgemini.EspressoBankTests;
				PRODUCT_NAME = "$(TARGET_NAME)";
				SWIFT_VERSION = 3.0;
				TEST_HOST = "$(BUILT_PRODUCTS_DIR)/EspressoBank.app/EspressoBank";
			};
			name = Release;
		};
		1C77049E1D511569005A6459 /* Debug */ = {
			isa = XCBuildConfiguration;
			buildSettings = {
				DEVELOPMENT_TEAM = M6E5M9S9AS;
				INFOPLIST_FILE = EspressoBankUITests/Info.plist;
				LD_RUNPATH_SEARCH_PATHS = "$(inherited) @executable_path/Frameworks @loader_path/Frameworks";
				PRODUCT_BUNDLE_IDENTIFIER = Capgemini.EspressoBankUITests;
				PRODUCT_NAME = "$(TARGET_NAME)";
				SWIFT_VERSION = 3.0;
				TEST_TARGET_NAME = EspressoBank;
			};
			name = Debug;
		};
		1C77049F1D511569005A6459 /* Release */ = {
			isa = XCBuildConfiguration;
			buildSettings = {
				DEVELOPMENT_TEAM = M6E5M9S9AS;
				INFOPLIST_FILE = EspressoBankUITests/Info.plist;
				LD_RUNPATH_SEARCH_PATHS = "$(inherited) @executable_path/Frameworks @loader_path/Frameworks";
				PRODUCT_BUNDLE_IDENTIFIER = Capgemini.EspressoBankUITests;
				PRODUCT_NAME = "$(TARGET_NAME)";
				SWIFT_VERSION = 3.0;
				TEST_TARGET_NAME = EspressoBank;
			};
			name = Release;
		};
/* End XCBuildConfiguration section */

/* Begin XCConfigurationList section */
		1C77046A1D511569005A6459 /* Build configuration list for PBXProject "EspressoBank" */ = {
			isa = XCConfigurationList;
			buildConfigurations = (
				1C7704951D511569005A6459 /* Debug */,
				1C7704961D511569005A6459 /* Release */,
			);
			defaultConfigurationIsVisible = 0;
			defaultConfigurationName = Release;
		};
		1C7704971D511569005A6459 /* Build configuration list for PBXNativeTarget "EspressoBank" */ = {
			isa = XCConfigurationList;
			buildConfigurations = (
				1C7704981D511569005A6459 /* Debug */,
				1C7704991D511569005A6459 /* Release */,
			);
			defaultConfigurationIsVisible = 0;
			defaultConfigurationName = Release;
		};
		1C77049A1D511569005A6459 /* Build configuration list for PBXNativeTarget "EspressoBankTests" */ = {
			isa = XCConfigurationList;
			buildConfigurations = (
				1C77049B1D511569005A6459 /* Debug */,
				1C77049C1D511569005A6459 /* Release */,
			);
			defaultConfigurationIsVisible = 0;
			defaultConfigurationName = Release;
		};
		1C77049D1D511569005A6459 /* Build configuration list for PBXNativeTarget "EspressoBankUITests" */ = {
			isa = XCConfigurationList;
			buildConfigurations = (
				1C77049E1D511569005A6459 /* Debug */,
				1C77049F1D511569005A6459 /* Release */,
			);
			defaultConfigurationIsVisible = 0;
			defaultConfigurationName = Release;
		};
/* End XCConfigurationList section */
	};
	rootObject = 1C7704671D511569005A6459 /* Project object */;
}
